
Microsoft Visual Studio Solution File, Format Version 12.00
# Visual Studio 15
VisualStudioVersion = 15.0.28010.2016
MinimumVisualStudioVersion = 10.0.40219.1
Project("{FAE04EC0-301F-11D3-BF4B-00C04F79EFBC}") = "TwoFactorAuthentication", "TwoFactorAuthentication\TwoFactorAuthentication.csproj", "{08FD8912-66C8-4277-9A63-A06E84418830}"
EndProject
Global
	GlobalSection(SolutionConfigurationPlatforms) = preSolution
		Debug|Any CPU = Debug|Any CPU
		Release|Any CPU = Release|Any CPU
	EndGlobalSection
	GlobalSection(ProjectConfigurationPlatforms) = postSolution
		{08FD8912-66C8-4277-9A63-A06E84418830}.Debug|Any CPU.ActiveCfg = Debug|Any CPU
		{08FD8912-66C8-4277-9A63-A06E84418830}.Debug|Any CPU.Build.0 = Debug|Any CPU
		{08FD8912-66C8-4277-9A63-A06E84418830}.Release|Any CPU.ActiveCfg = Release|Any CPU
		{08FD8912-66C8-4277-9A63-A06E84418830}.Release|Any CPU.Build.0 = Release|Any CPU
	EndGlobalSection
	GlobalSection(SolutionProperties) = preSolution
		HideSolutionNode = FALSE
	EndGlobalSection
	GlobalSection(ExtensibilityGlobals) = postSolution
		SolutionGuid = {401D1CB8-1405-4421-8C4C-16C9BAE0E583}
	EndGlobalSection
EndGlobal
